
Microsoft Visual Studio Solution File, Format Version 12.00
# Visual Studio 2013
VisualStudioVersion = 12.0.21005.1
MinimumVisualStudioVersion = 10.0.40219.1
Project("{FAE04EC0-301F-11D3-BF4B-00C04F79EFBC}") = "NidGenerator", "NidGenerator\NidGenerator.csproj", "{08EFB818-F223-43B8-9EAF-472EA402A1E6}"
EndProject
Project("{FAE04EC0-301F-11D3-BF4B-00C04F79EFBC}") = "NidGenerator.Tests", "NidGenerator.Tests\NidGenerator.Tests.csproj", "{09972411-A030-4626-B997-94C3543E9389}"
EndProject
Global
	GlobalSection(SolutionConfigurationPlatforms) = preSolution
		Debug|Any CPU = Debug|Any CPU
		Release|Any CPU = Release|Any CPU
	EndGlobalSection
	GlobalSection(ProjectConfigurationPlatforms) = postSolution
		{08EFB818-F223-43B8-9EAF-472EA402A1E6}.Debug|Any CPU.ActiveCfg = Debug|Any CPU
		{08EFB818-F223-43B8-9EAF-472EA402A1E6}.Debug|Any CPU.Build.0 = Debug|Any CPU
		{08EFB818-F223-43B8-9EAF-472EA402A1E6}.Release|Any CPU.ActiveCfg = Release|Any CPU
		{08EFB818-F223-43B8-9EAF-472EA402A1E6}.Release|Any CPU.Build.0 = Release|Any CPU
		{09972411-A030-4626-B997-94C3543E9389}.Debug|Any CPU.ActiveCfg = Debug|Any CPU
		{09972411-A030-4626-B997-94C3543E9389}.Debug|Any CPU.Build.0 = Debug|Any CPU
		{09972411-A030-4626-B997-94C3543E9389}.Release|Any CPU.ActiveCfg = Release|Any CPU
		{09972411-A030-4626-B997-94C3543E9389}.Release|Any CPU.Build.0 = Release|Any CPU
	EndGlobalSection
	GlobalSection(SolutionProperties) = preSolution
		HideSolutionNode = FALSE
	EndGlobalSection
EndGlobal
